
Microsoft Visual Studio Solution File, Format Version 12.00
# Visual Studio 15
VisualStudioVersion = 15.0.26228.86
MinimumVisualStudioVersion = 10.0.40219.1
Project("{8BC9CEB8-8B4A-11D0-8D11-00A0C91BC942}") = "ForwardList", "ForwardList\ForwardList.vcxproj", "{267B394A-7F3D-4F4A-BB82-BAD470FDA38B}"
EndProject
Project("{8BC9CEB8-8B4A-11D0-8D11-00A0C91BC942}") = "List", "List\List.vcxproj", "{0ACEC6A0-FF90-4E77-BD4E-9D9000F99155}"
EndProject
Project("{8BC9CEB8-8B4A-11D0-8D11-00A0C91BC942}") = "BinaryTree", "BinaryTree\BinaryTree.vcxproj", "{12421E21-59B2-4683-A628-FBE7A0D67AD8}"
EndProject
Global
	GlobalSection(SolutionConfigurationPlatforms) = preSolution
		Debug|x64 = Debug|x64
		Debug|x86 = Debug|x86
		Release|x64 = Release|x64
		Release|x86 = Release|x86
	EndGlobalSection
	GlobalSection(ProjectConfigurationPlatforms) = postSolution
		{267B394A-7F3D-4F4A-BB82-BAD470FDA38B}.Debug|x64.ActiveCfg = Debug|x64
		{267B394A-7F3D-4F4A-BB82-BAD470FDA38B}.Debug|x64.Build.0 = Debug|x64
		{267B394A-7F3D-4F4A-BB82-BAD470FDA38B}.Debug|x86.ActiveCfg = Debug|Win32
		{267B394A-7F3D-4F4A-BB82-BAD470FDA38B}.Debug|x86.Build.0 = Debug|Win32
		{267B394A-7F3D-4F4A-BB82-BAD470FDA38B}.Release|x64.ActiveCfg = Release|x64
		{267B394A-7F3D-4F4A-BB82-BAD470FDA38B}.Release|x64.Build.0 = Release|x64
		{267B394A-7F3D-4F4A-BB82-BAD470FDA38B}.Release|x86.ActiveCfg = Release|Win32
		{267B394A-7F3D-4F4A-BB82-BAD470FDA38B}.Release|x86.Build.0 = Release|Win32
		{0ACEC6A0-FF90-4E77-BD4E-9D9000F99155}.Debug|x64.ActiveCfg = Debug|x64
		{0ACEC6A0-FF90-4E77-BD4E-9D9000F99155}.Debug|x64.Build.0 = Debug|x64
		{0ACEC6A0-FF90-4E77-BD4E-9D9000F99155}.Debug|x86.ActiveCfg = Debug|Win32
		{0ACEC6A0-FF90-4E77-BD4E-9D9000F99155}.Debug|x86.Build.0 = Debug|Win32
		{0ACEC6A0-FF90-4E77-BD4E-9D9000F99155}.Release|x64.ActiveCfg = Release|x64
		{0ACEC6A0-FF90-4E77-BD4E-9D9000F99155}.Release|x64.Build.0 = Release|x64
		{0ACEC6A0-FF90-4E77-BD4E-9D9000F99155}.Release|x86.ActiveCfg = Release|Win32
		{0ACEC6A0-FF90-4E77-BD4E-9D9000F99155}.Release|x86.Build.0 = Release|Win32
		{12421E21-59B2-4683-A628-FBE7A0D67AD8}.Debug|x64.ActiveCfg = Debug|x64
		{12421E21-59B2-4683-A628-FBE7A0D67AD8}.Debug|x64.Build.0 = Debug|x64
		{12421E21-59B2-4683-A628-FBE7A0D67AD8}.Debug|x86.ActiveCfg = Debug|Win32
		{12421E21-59B2-4683-A628-FBE7A0D67AD8}.Debug|x86.Build.0 = Debug|Win32
		{12421E21-59B2-4683-A628-FBE7A0D67AD8}.Release|x64.ActiveCfg = Release|x64
		{12421E21-59B2-4683-A628-FBE7A0D67AD8}.Release|x64.Build.0 = Release|x64
		{12421E21-59B2-4683-A628-FBE7A0D67AD8}.Release|x86.ActiveCfg = Release|Win32
		{12421E21-59B2-4683-A628-FBE7A0D67AD8}.Release|x86.Build.0 = Release|Win32
	EndGlobalSection
	GlobalSection(SolutionProperties) = preSolution
		HideSolutionNode = FALSE
	EndGlobalSection
	GlobalSection(ExtensibilityGlobals) = postSolution
		SolutionGuid = {D135AA0B-E6FD-4E74-8B10-66B5BD987010}
	EndGlobalSection
EndGlobal
