
Microsoft Visual Studio Solution File, Format Version 12.00
# Visual Studio 15
VisualStudioVersion = 15.0.28307.757
MinimumVisualStudioVersion = 10.0.40219.1
Project("{8BC9CEB8-8B4A-11D0-8D11-00A0C91BC942}") = "Inheritance", "Inheritance\Inheritance.vcxproj", "{ED4BB387-A0FB-4029-B18B-7D0924AEBCF2}"
EndProject
Project("{8BC9CEB8-8B4A-11D0-8D11-00A0C91BC942}") = "Academy", "Academy\Academy.vcxproj", "{426F99BF-D8D3-4BB0-ACF2-87555E33AC6D}"
EndProject
Project("{8BC9CEB8-8B4A-11D0-8D11-00A0C91BC942}") = "TheZoo", "TheZoo\TheZoo.vcxproj", "{E48460AC-603C-4575-A7D5-71FB518A1AE8}"
EndProject
Project("{8BC9CEB8-8B4A-11D0-8D11-00A0C91BC942}") = "RegularExpressions", "RegularExpressions\RegularExpressions.vcxproj", "{6DDDA788-BD50-4C88-9A83-568319A065E6}"
EndProject
Global
	GlobalSection(SolutionConfigurationPlatforms) = preSolution
		Debug|x64 = Debug|x64
		Debug|x86 = Debug|x86
		Release|x64 = Release|x64
		Release|x86 = Release|x86
	EndGlobalSection
	GlobalSection(ProjectConfigurationPlatforms) = postSolution
		{ED4BB387-A0FB-4029-B18B-7D0924AEBCF2}.Debug|x64.ActiveCfg = Debug|x64
		{ED4BB387-A0FB-4029-B18B-7D0924AEBCF2}.Debug|x64.Build.0 = Debug|x64
		{ED4BB387-A0FB-4029-B18B-7D0924AEBCF2}.Debug|x86.ActiveCfg = Debug|Win32
		{ED4BB387-A0FB-4029-B18B-7D0924AEBCF2}.Debug|x86.Build.0 = Debug|Win32
		{ED4BB387-A0FB-4029-B18B-7D0924AEBCF2}.Release|x64.ActiveCfg = Release|x64
		{ED4BB387-A0FB-4029-B18B-7D0924AEBCF2}.Release|x64.Build.0 = Release|x64
		{ED4BB387-A0FB-4029-B18B-7D0924AEBCF2}.Release|x86.ActiveCfg = Release|Win32
		{ED4BB387-A0FB-4029-B18B-7D0924AEBCF2}.Release|x86.Build.0 = Release|Win32
		{426F99BF-D8D3-4BB0-ACF2-87555E33AC6D}.Debug|x64.ActiveCfg = Debug|x64
		{426F99BF-D8D3-4BB0-ACF2-87555E33AC6D}.Debug|x64.Build.0 = Debug|x64
		{426F99BF-D8D3-4BB0-ACF2-87555E33AC6D}.Debug|x86.ActiveCfg = Debug|Win32
		{426F99BF-D8D3-4BB0-ACF2-87555E33AC6D}.Debug|x86.Build.0 = Debug|Win32
		{426F99BF-D8D3-4BB0-ACF2-87555E33AC6D}.Release|x64.ActiveCfg = Release|x64
		{426F99BF-D8D3-4BB0-ACF2-87555E33AC6D}.Release|x64.Build.0 = Release|x64
		{426F99BF-D8D3-4BB0-ACF2-87555E33AC6D}.Release|x86.ActiveCfg = Release|Win32
		{426F99BF-D8D3-4BB0-ACF2-87555E33AC6D}.Release|x86.Build.0 = Release|Win32
		{E48460AC-603C-4575-A7D5-71FB518A1AE8}.Debug|x64.ActiveCfg = Debug|x64
		{E48460AC-603C-4575-A7D5-71FB518A1AE8}.Debug|x64.Build.0 = Debug|x64
		{E48460AC-603C-4575-A7D5-71FB518A1AE8}.Debug|x86.ActiveCfg = Debug|Win32
		{E48460AC-603C-4575-A7D5-71FB518A1AE8}.Debug|x86.Build.0 = Debug|Win32
		{E48460AC-603C-4575-A7D5-71FB518A1AE8}.Release|x64.ActiveCfg = Release|x64
		{E48460AC-603C-4575-A7D5-71FB518A1AE8}.Release|x64.Build.0 = Release|x64
		{E48460AC-603C-4575-A7D5-71FB518A1AE8}.Release|x86.ActiveCfg = Release|Win32
		{E48460AC-603C-4575-A7D5-71FB518A1AE8}.Release|x86.Build.0 = Release|Win32
		{6DDDA788-BD50-4C88-9A83-568319A065E6}.Debug|x64.ActiveCfg = Debug|x64
		{6DDDA788-BD50-4C88-9A83-568319A065E6}.Debug|x64.Build.0 = Debug|x64
		{6DDDA788-BD50-4C88-9A83-568319A065E6}.Debug|x86.ActiveCfg = Debug|Win32
		{6DDDA788-BD50-4C88-9A83-568319A065E6}.Debug|x86.Build.0 = Debug|Win32
		{6DDDA788-BD50-4C88-9A83-568319A065E6}.Release|x64.ActiveCfg = Release|x64
		{6DDDA788-BD50-4C88-9A83-568319A065E6}.Release|x64.Build.0 = Release|x64
		{6DDDA788-BD50-4C88-9A83-568319A065E6}.Release|x86.ActiveCfg = Release|Win32
		{6DDDA788-BD50-4C88-9A83-568319A065E6}.Release|x86.Build.0 = Release|Win32
	EndGlobalSection
	GlobalSection(SolutionProperties) = preSolution
		HideSolutionNode = FALSE
	EndGlobalSection
	GlobalSection(ExtensibilityGlobals) = postSolution
		SolutionGuid = {0A3604EF-169E-41EE-883A-868D07DD8353}
	EndGlobalSection
EndGlobal
